
Microsoft Visual Studio Solution File, Format Version 12.00
# Visual Studio Version 16
VisualStudioVersion = 16.0.29728.190
MinimumVisualStudioVersion = 10.0.40219.1
Project("{FAE04EC0-301F-11D3-BF4B-00C04F79EFBC}") = "EmployeesManagement", "EmployeeManagements\EmployeesManagement.csproj", "{24E4B8AC-076D-4125-B500-D4BEAF1EFB71}"
EndProject
Project("{FAE04EC0-301F-11D3-BF4B-00C04F79EFBC}") = "Employee.Data", "Employee.Data\Employee.Data.csproj", "{5CA9AFB7-76F4-4191-BDBB-590EB9E727C5}"
EndProject
Project("{FAE04EC0-301F-11D3-BF4B-00C04F79EFBC}") = "Employee.Repository", "Employee.Repository\Employee.Repository.csproj", "{2305F658-C623-4732-8F8E-4D445AAE48F8}"
EndProject
Global
	GlobalSection(SolutionConfigurationPlatforms) = preSolution
		Debug|Any CPU = Debug|Any CPU
		Release|Any CPU = Release|Any CPU
	EndGlobalSection
	GlobalSection(ProjectConfigurationPlatforms) = postSolution
		{24E4B8AC-076D-4125-B500-D4BEAF1EFB71}.Debug|Any CPU.ActiveCfg = Debug|Any CPU
		{24E4B8AC-076D-4125-B500-D4BEAF1EFB71}.Debug|Any CPU.Build.0 = Debug|Any CPU
		{24E4B8AC-076D-4125-B500-D4BEAF1EFB71}.Release|Any CPU.ActiveCfg = Release|Any CPU
		{24E4B8AC-076D-4125-B500-D4BEAF1EFB71}.Release|Any CPU.Build.0 = Release|Any CPU
		{5CA9AFB7-76F4-4191-BDBB-590EB9E727C5}.Debug|Any CPU.ActiveCfg = Debug|Any CPU
		{5CA9AFB7-76F4-4191-BDBB-590EB9E727C5}.Debug|Any CPU.Build.0 = Debug|Any CPU
		{5CA9AFB7-76F4-4191-BDBB-590EB9E727C5}.Release|Any CPU.ActiveCfg = Release|Any CPU
		{5CA9AFB7-76F4-4191-BDBB-590EB9E727C5}.Release|Any CPU.Build.0 = Release|Any CPU
		{2305F658-C623-4732-8F8E-4D445AAE48F8}.Debug|Any CPU.ActiveCfg = Debug|Any CPU
		{2305F658-C623-4732-8F8E-4D445AAE48F8}.Debug|Any CPU.Build.0 = Debug|Any CPU
		{2305F658-C623-4732-8F8E-4D445AAE48F8}.Release|Any CPU.ActiveCfg = Release|Any CPU
		{2305F658-C623-4732-8F8E-4D445AAE48F8}.Release|Any CPU.Build.0 = Release|Any CPU
	EndGlobalSection
	GlobalSection(SolutionProperties) = preSolution
		HideSolutionNode = FALSE
	EndGlobalSection
	GlobalSection(ExtensibilityGlobals) = postSolution
		SolutionGuid = {FF88835A-575E-4F3A-BAF0-3E26D4BD658B}
	EndGlobalSection
EndGlobal
